// !$*UTF8*$!
{
	archiveVersion = 1;
	classes = {
	};
	objectVersion = 51;
	objects = {

/* Begin PBXBuildFile section */
		69221ABFD71657385D81F72C /* Pods_MarvelViewerApp.framework in Frameworks */ = {isa = PBXBuildFile; fileRef = 8F6FB13F13739C75C34503FB /* Pods_MarvelViewerApp.framework */; };
		8D4252AF259FA0F500E0AC12 /* ComicDetailVCMethods.swift in Sources */ = {isa = PBXBuildFile; fileRef = 8D4252AE259FA0F500E0AC12 /* ComicDetailVCMethods.swift */; };
		8D4252B2259FA12800E0AC12 /* CommonViews.swift in Sources */ = {isa = PBXBuildFile; fileRef = 8D4252B1259FA12800E0AC12 /* CommonViews.swift */; };
		8D4252B6259FA5D100E0AC12 /* ComicDetailViews.swift in Sources */ = {isa = PBXBuildFile; fileRef = 8D4252B5259FA5D100E0AC12 /* ComicDetailViews.swift */; };
		8D83D524259E15B600DA3D77 /* AppDelegate.swift in Sources */ = {isa = PBXBuildFile; fileRef = 8D83D523259E15B600DA3D77 /* AppDelegate.swift */; };
		8D83D526259E15B600DA3D77 /* SceneDelegate.swift in Sources */ = {isa = PBXBuildFile; fileRef = 8D83D525259E15B600DA3D77 /* SceneDelegate.swift */; };
		8D83D52D259E15BC00DA3D77 /* Assets.xcassets in Resources */ = {isa = PBXBuildFile; fileRef = 8D83D52C259E15BC00DA3D77 /* Assets.xcassets */; };
		8D83D530259E15BC00DA3D77 /* LaunchScreen.storyboard in Resources */ = {isa = PBXBuildFile; fileRef = 8D83D52E259E15BC00DA3D77 /* LaunchScreen.storyboard */; };
		8D83D543259E1CD000DA3D77 /* CaptainAmerica.otf in Resources */ = {isa = PBXBuildFile; fileRef = 8D83D542259E1CD000DA3D77 /* CaptainAmerica.otf */; };
		8D83D547259E1CEA00DA3D77 /* Extensions.swift in Sources */ = {isa = PBXBuildFile; fileRef = 8D83D546259E1CEA00DA3D77 /* Extensions.swift */; };
		8D83D54E259E1D2700DA3D77 /* MarvelVCDatasource.swift in Sources */ = {isa = PBXBuildFile; fileRef = 8D83D54A259E1D1600DA3D77 /* MarvelVCDatasource.swift */; };
		8D83D54F259E1D2700DA3D77 /* MarvelVCMethods.swift in Sources */ = {isa = PBXBuildFile; fileRef = 8D83D54B259E1D1A00DA3D77 /* MarvelVCMethods.swift */; };
		8D83D550259E1D2700DA3D77 /* MarvelVCDelegates.swift in Sources */ = {isa = PBXBuildFile; fileRef = 8D83D54C259E1D2100DA3D77 /* MarvelVCDelegates.swift */; };
		8D83D551259E1D2700DA3D77 /* MarvelVC.swift in Sources */ = {isa = PBXBuildFile; fileRef = 8D83D54D259E1D2600DA3D77 /* MarvelVC.swift */; };
		8D83D555259E1D7800DA3D77 /* Entities.swift in Sources */ = {isa = PBXBuildFile; fileRef = 8D83D553259E1D7300DA3D77 /* Entities.swift */; };
		8D83D556259E1D7800DA3D77 /* Constants.swift in Sources */ = {isa = PBXBuildFile; fileRef = 8D83D554259E1D7800DA3D77 /* Constants.swift */; };
		8D83D55B259E1DA400DA3D77 /* APIClient.swift in Sources */ = {isa = PBXBuildFile; fileRef = 8D83D559259E1D9800DA3D77 /* APIClient.swift */; };
		8D83D55C259E1DA400DA3D77 /* ControllerCalls.swift in Sources */ = {isa = PBXBuildFile; fileRef = 8D83D55A259E1DA400DA3D77 /* ControllerCalls.swift */; };
		8D83D561259E1E3100DA3D77 /* CharacterCell.swift in Sources */ = {isa = PBXBuildFile; fileRef = 8D83D560259E1E3100DA3D77 /* CharacterCell.swift */; };
		8D83D564259E1E5500DA3D77 /* MarvelViews.swift in Sources */ = {isa = PBXBuildFile; fileRef = 8D83D563259E1E5500DA3D77 /* MarvelViews.swift */; };
		8D83D567259E1E6500DA3D77 /* CellsViews.swift in Sources */ = {isa = PBXBuildFile; fileRef = 8D83D566259E1E6500DA3D77 /* CellsViews.swift */; };
		8DFCD9A0259E9967006184CF /* DetailVCMethods.swift in Sources */ = {isa = PBXBuildFile; fileRef = 8DFCD99D259E9967006184CF /* DetailVCMethods.swift */; };
		8DFCD9A1259E9967006184CF /* DetailVCDatasource.swift in Sources */ = {isa = PBXBuildFile; fileRef = 8DFCD99E259E9967006184CF /* DetailVCDatasource.swift */; };
		8DFCD9A2259E9967006184CF /* DetailVC.swift in Sources */ = {isa = PBXBuildFile; fileRef = 8DFCD99F259E9967006184CF /* DetailVC.swift */; };
		8DFCD9A5259E997C006184CF /* ComicCell.swift in Sources */ = {isa = PBXBuildFile; fileRef = 8DFCD9A4259E997B006184CF /* ComicCell.swift */; };
		8DFCD9A8259E9995006184CF /* DetailViews.swift in Sources */ = {isa = PBXBuildFile; fileRef = 8DFCD9A7259E9995006184CF /* DetailViews.swift */; };
		8DFCD9AE259E9D31006184CF /* ComicDetailVC.swift in Sources */ = {isa = PBXBuildFile; fileRef = 8DFCD9AD259E9D31006184CF /* ComicDetailVC.swift */; };
/* End PBXBuildFile section */

/* Begin PBXFileReference section */
		1575EB8AAEFDACE0AAB93919 /* Pods-MarvelViewerApp.debug.xcconfig */ = {isa = PBXFileReference; includeInIndex = 1; lastKnownFileType = text.xcconfig; name = "Pods-MarvelViewerApp.debug.xcconfig"; path = "Target Support Files/Pods-MarvelViewerApp/Pods-MarvelViewerApp.debug.xcconfig"; sourceTree = "<group>"; };
		79CF213604D3F04FBD15D05F /* Pods-MarvelViewerApp.release.xcconfig */ = {isa = PBXFileReference; includeInIndex = 1; lastKnownFileType = text.xcconfig; name = "Pods-MarvelViewerApp.release.xcconfig"; path = "Target Support Files/Pods-MarvelViewerApp/Pods-MarvelViewerApp.release.xcconfig"; sourceTree = "<group>"; };
		8D4252AE259FA0F500E0AC12 /* ComicDetailVCMethods.swift */ = {isa = PBXFileReference; lastKnownFileType = sourcecode.swift; path = ComicDetailVCMethods.swift; sourceTree = "<group>"; };
		8D4252B1259FA12800E0AC12 /* CommonViews.swift */ = {isa = PBXFileReference; lastKnownFileType = sourcecode.swift; path = CommonViews.swift; sourceTree = "<group>"; };
		8D4252B5259FA5D100E0AC12 /* ComicDetailViews.swift */ = {isa = PBXFileReference; lastKnownFileType = sourcecode.swift; path = ComicDetailViews.swift; sourceTree = "<group>"; };
		8D83D520259E15B600DA3D77 /* MarvelViewerApp.app */ = {isa = PBXFileReference; explicitFileType = wrapper.application; includeInIndex = 0; path = MarvelViewerApp.app; sourceTree = BUILT_PRODUCTS_DIR; };
		8D83D523259E15B600DA3D77 /* AppDelegate.swift */ = {isa = PBXFileReference; lastKnownFileType = sourcecode.swift; path = AppDelegate.swift; sourceTree = "<group>"; };
		8D83D525259E15B600DA3D77 /* SceneDelegate.swift */ = {isa = PBXFileReference; lastKnownFileType = sourcecode.swift; path = SceneDelegate.swift; sourceTree = "<group>"; };
		8D83D52C259E15BC00DA3D77 /* Assets.xcassets */ = {isa = PBXFileReference; lastKnownFileType = folder.assetcatalog; path = Assets.xcassets; sourceTree = "<group>"; };
		8D83D52F259E15BC00DA3D77 /* Base */ = {isa = PBXFileReference; lastKnownFileType = file.storyboard; name = Base; path = Base.lproj/LaunchScreen.storyboard; sourceTree = "<group>"; };
		8D83D531259E15BC00DA3D77 /* Info.plist */ = {isa = PBXFileReference; lastKnownFileType = text.plist.xml; path = Info.plist; sourceTree = "<group>"; };
		8D83D542259E1CD000DA3D77 /* CaptainAmerica.otf */ = {isa = PBXFileReference; lastKnownFileType = file; path = CaptainAmerica.otf; sourceTree = "<group>"; };
		8D83D546259E1CEA00DA3D77 /* Extensions.swift */ = {isa = PBXFileReference; fileEncoding = 4; lastKnownFileType = sourcecode.swift; path = Extensions.swift; sourceTree = "<group>"; };
		8D83D54A259E1D1600DA3D77 /* MarvelVCDatasource.swift */ = {isa = PBXFileReference; fileEncoding = 4; lastKnownFileType = sourcecode.swift; path = MarvelVCDatasource.swift; sourceTree = "<group>"; };
		8D83D54B259E1D1A00DA3D77 /* MarvelVCMethods.swift */ = {isa = PBXFileReference; fileEncoding = 4; lastKnownFileType = sourcecode.swift; path = MarvelVCMethods.swift; sourceTree = "<group>"; };
		8D83D54C259E1D2100DA3D77 /* MarvelVCDelegates.swift */ = {isa = PBXFileReference; fileEncoding = 4; lastKnownFileType = sourcecode.swift; path = MarvelVCDelegates.swift; sourceTree = "<group>"; };
		8D83D54D259E1D2600DA3D77 /* MarvelVC.swift */ = {isa = PBXFileReference; fileEncoding = 4; lastKnownFileType = sourcecode.swift; path = MarvelVC.swift; sourceTree = "<group>"; };
		8D83D553259E1D7300DA3D77 /* Entities.swift */ = {isa = PBXFileReference; fileEncoding = 4; lastKnownFileType = sourcecode.swift; path = Entities.swift; sourceTree = "<group>"; };
		8D83D554259E1D7800DA3D77 /* Constants.swift */ = {isa = PBXFileReference; fileEncoding = 4; lastKnownFileType = sourcecode.swift; path = Constants.swift; sourceTree = "<group>"; };
		8D83D559259E1D9800DA3D77 /* APIClient.swift */ = {isa = PBXFileReference; fileEncoding = 4; lastKnownFileType = sourcecode.swift; path = APIClient.swift; sourceTree = "<group>"; };
		8D83D55A259E1DA400DA3D77 /* ControllerCalls.swift */ = {isa = PBXFileReference; fileEncoding = 4; lastKnownFileType = sourcecode.swift; path = ControllerCalls.swift; sourceTree = "<group>"; };
		8D83D560259E1E3100DA3D77 /* CharacterCell.swift */ = {isa = PBXFileReference; fileEncoding = 4; lastKnownFileType = sourcecode.swift; path = CharacterCell.swift; sourceTree = "<group>"; };
		8D83D563259E1E5500DA3D77 /* MarvelViews.swift */ = {isa = PBXFileReference; fileEncoding = 4; lastKnownFileType = sourcecode.swift; path = MarvelViews.swift; sourceTree = "<group>"; };
		8D83D566259E1E6500DA3D77 /* CellsViews.swift */ = {isa = PBXFileReference; fileEncoding = 4; lastKnownFileType = sourcecode.swift; path = CellsViews.swift; sourceTree = "<group>"; };
		8DFCD99D259E9967006184CF /* DetailVCMethods.swift */ = {isa = PBXFileReference; fileEncoding = 4; lastKnownFileType = sourcecode.swift; path = DetailVCMethods.swift; sourceTree = "<group>"; };
		8DFCD99E259E9967006184CF /* DetailVCDatasource.swift */ = {isa = PBXFileReference; fileEncoding = 4; lastKnownFileType = sourcecode.swift; path = DetailVCDatasource.swift; sourceTree = "<group>"; };
		8DFCD99F259E9967006184CF /* DetailVC.swift */ = {isa = PBXFileReference; fileEncoding = 4; lastKnownFileType = sourcecode.swift; path = DetailVC.swift; sourceTree = "<group>"; };
		8DFCD9A4259E997B006184CF /* ComicCell.swift */ = {isa = PBXFileReference; fileEncoding = 4; lastKnownFileType = sourcecode.swift; path = ComicCell.swift; sourceTree = "<group>"; };
		8DFCD9A7259E9995006184CF /* DetailViews.swift */ = {isa = PBXFileReference; fileEncoding = 4; lastKnownFileType = sourcecode.swift; path = DetailViews.swift; sourceTree = "<group>"; };
		8DFCD9AD259E9D31006184CF /* ComicDetailVC.swift */ = {isa = PBXFileReference; fileEncoding = 4; lastKnownFileType = sourcecode.swift; path = ComicDetailVC.swift; sourceTree = "<group>"; };
		8F6FB13F13739C75C34503FB /* Pods_MarvelViewerApp.framework */ = {isa = PBXFileReference; explicitFileType = wrapper.framework; includeInIndex = 0; path = Pods_MarvelViewerApp.framework; sourceTree = BUILT_PRODUCTS_DIR; };
/* End PBXFileReference section */

/* Begin PBXFrameworksBuildPhase section */
		8D83D51D259E15B500DA3D77 /* Frameworks */ = {
			isa = PBXFrameworksBuildPhase;
			buildActionMask = 2147483647;
			files = (
				69221ABFD71657385D81F72C /* Pods_MarvelViewerApp.framework in Frameworks */,
			);
			runOnlyForDeploymentPostprocessing = 0;
		};
/* End PBXFrameworksBuildPhase section */

/* Begin PBXGroup section */
		060B336D633FCB95976C16D0 /* Frameworks */ = {
			isa = PBXGroup;
			children = (
				8F6FB13F13739C75C34503FB /* Pods_MarvelViewerApp.framework */,
			);
			name = Frameworks;
			sourceTree = "<group>";
		};
		237DE59BB696E99CDA73B32D /* Pods */ = {
			isa = PBXGroup;
			children = (
				1575EB8AAEFDACE0AAB93919 /* Pods-MarvelViewerApp.debug.xcconfig */,
				79CF213604D3F04FBD15D05F /* Pods-MarvelViewerApp.release.xcconfig */,
			);
			path = Pods;
			sourceTree = "<group>";
		};
		8D83D517259E15B500DA3D77 = {
			isa = PBXGroup;
			children = (
				8D83D522259E15B600DA3D77 /* MarvelViewerApp */,
				8D83D521259E15B600DA3D77 /* Products */,
				237DE59BB696E99CDA73B32D /* Pods */,
				060B336D633FCB95976C16D0 /* Frameworks */,
			);
			sourceTree = "<group>";
		};
		8D83D521259E15B600DA3D77 /* Products */ = {
			isa = PBXGroup;
			children = (
				8D83D520259E15B600DA3D77 /* MarvelViewerApp.app */,
			);
			name = Products;
			sourceTree = "<group>";
		};
		8D83D522259E15B600DA3D77 /* MarvelViewerApp */ = {
			isa = PBXGroup;
			children = (
				8D83D523259E15B600DA3D77 /* AppDelegate.swift */,
				8D83D525259E15B600DA3D77 /* SceneDelegate.swift */,
				8D83D531259E15BC00DA3D77 /* Info.plist */,
				8D83D53C259E160D00DA3D77 /* Model */,
				8D83D53B259E160A00DA3D77 /* Views */,
				8D83D53A259E160900DA3D77 /* Controllers */,
				8DFCD9AC259E9D31006184CF /* ComicDetailViewController */,
				8D83D539259E160200DA3D77 /* Utils */,
			);
			path = MarvelViewerApp;
			sourceTree = "<group>";
		};
		8D83D539259E160200DA3D77 /* Utils */ = {
			isa = PBXGroup;
			children = (
				8D83D554259E1D7800DA3D77 /* Constants.swift */,
				8D83D546259E1CEA00DA3D77 /* Extensions.swift */,
				8D83D52C259E15BC00DA3D77 /* Assets.xcassets */,
				8D83D52E259E15BC00DA3D77 /* LaunchScreen.storyboard */,
				8D83D542259E1CD000DA3D77 /* CaptainAmerica.otf */,
			);
			path = Utils;
			sourceTree = "<group>";
		};
		8D83D53A259E160900DA3D77 /* Controllers */ = {
			isa = PBXGroup;
			children = (
				8D83D53D259E162A00DA3D77 /* MarvelViewController */,
				8DFCD99C259E9936006184CF /* DetailViewController */,
			);
			path = Controllers;
			sourceTree = "<group>";
		};
		8D83D53B259E160A00DA3D77 /* Views */ = {
			isa = PBXGroup;
			children = (
				8D4252B1259FA12800E0AC12 /* CommonViews.swift */,
				8D83D55F259E1E0B00DA3D77 /* Cells */,
				8D83D55E259E1E0500DA3D77 /* ControllerViews */,
			);
			path = Views;
			sourceTree = "<group>";
		};
		8D83D53C259E160D00DA3D77 /* Model */ = {
			isa = PBXGroup;
			children = (
				8D83D540259E165600DA3D77 /* Service */,
				8D83D553259E1D7300DA3D77 /* Entities.swift */,
			);
			path = Model;
			sourceTree = "<group>";
		};
		8D83D53D259E162A00DA3D77 /* MarvelViewController */ = {
			isa = PBXGroup;
			children = (
				8D83D54D259E1D2600DA3D77 /* MarvelVC.swift */,
				8D83D54A259E1D1600DA3D77 /* MarvelVCDatasource.swift */,
				8D83D54B259E1D1A00DA3D77 /* MarvelVCMethods.swift */,
				8D83D54C259E1D2100DA3D77 /* MarvelVCDelegates.swift */,
			);
			path = MarvelViewController;
			sourceTree = "<group>";
		};
		8D83D540259E165600DA3D77 /* Service */ = {
			isa = PBXGroup;
			children = (
				8D83D559259E1D9800DA3D77 /* APIClient.swift */,
				8D83D55A259E1DA400DA3D77 /* ControllerCalls.swift */,
			);
			path = Service;
			sourceTree = "<group>";
		};
		8D83D55E259E1E0500DA3D77 /* ControllerViews */ = {
			isa = PBXGroup;
			children = (
				8D83D563259E1E5500DA3D77 /* MarvelViews.swift */,
				8DFCD9A7259E9995006184CF /* DetailViews.swift */,
				8D4252B5259FA5D100E0AC12 /* ComicDetailViews.swift */,
			);
			path = ControllerViews;
			sourceTree = "<group>";
		};
		8D83D55F259E1E0B00DA3D77 /* Cells */ = {
			isa = PBXGroup;
			children = (
				8D83D560259E1E3100DA3D77 /* CharacterCell.swift */,
				8DFCD9A4259E997B006184CF /* ComicCell.swift */,
				8D83D566259E1E6500DA3D77 /* CellsViews.swift */,
			);
			name = Cells;
			sourceTree = "<group>";
		};
		8DFCD99C259E9936006184CF /* DetailViewController */ = {
			isa = PBXGroup;
			children = (
				8DFCD99F259E9967006184CF /* DetailVC.swift */,
				8DFCD99E259E9967006184CF /* DetailVCDatasource.swift */,
				8DFCD99D259E9967006184CF /* DetailVCMethods.swift */,
			);
			path = DetailViewController;
			sourceTree = "<group>";
		};
		8DFCD9AC259E9D31006184CF /* ComicDetailViewController */ = {
			isa = PBXGroup;
			children = (
				8DFCD9AD259E9D31006184CF /* ComicDetailVC.swift */,
				8D4252AE259FA0F500E0AC12 /* ComicDetailVCMethods.swift */,
			);
			path = ComicDetailViewController;
			sourceTree = "<group>";
		};
/* End PBXGroup section */

/* Begin PBXNativeTarget section */
		8D83D51F259E15B500DA3D77 /* MarvelViewerApp */ = {
			isa = PBXNativeTarget;
			buildConfigurationList = 8D83D534259E15BC00DA3D77 /* Build configuration list for PBXNativeTarget "MarvelViewerApp" */;
			buildPhases = (
				CDF92BC45A819B87C862ADA2 /* [CP] Check Pods Manifest.lock */,
				8D83D51C259E15B500DA3D77 /* Sources */,
				8D83D51D259E15B500DA3D77 /* Frameworks */,
				8D83D51E259E15B500DA3D77 /* Resources */,
				C3DBB4913153D98B835C6937 /* [CP] Embed Pods Frameworks */,
			);
			buildRules = (
			);
			dependencies = (
			);
			name = MarvelViewerApp;
			productName = MarvelViewerApp;
			productReference = 8D83D520259E15B600DA3D77 /* MarvelViewerApp.app */;
			productType = "com.apple.product-type.application";
		};
/* End PBXNativeTarget section */

/* Begin PBXProject section */
		8D83D518259E15B500DA3D77 /* Project object */ = {
			isa = PBXProject;
			attributes = {
				LastSwiftUpdateCheck = 1210;
				LastUpgradeCheck = 1210;
				TargetAttributes = {
					8D83D51F259E15B500DA3D77 = {
						CreatedOnToolsVersion = 12.1;
					};
				};
			};
			buildConfigurationList = 8D83D51B259E15B500DA3D77 /* Build configuration list for PBXProject "MarvelViewerApp" */;
			compatibilityVersion = "Xcode 9.3";
			developmentRegion = en;
			hasScannedForEncodings = 0;
			knownRegions = (
				en,
				Base,
			);
			mainGroup = 8D83D517259E15B500DA3D77;
			productRefGroup = 8D83D521259E15B600DA3D77 /* Products */;
			projectDirPath = "";
			projectRoot = "";
			targets = (
				8D83D51F259E15B500DA3D77 /* MarvelViewerApp */,
			);
		};
/* End PBXProject section */

/* Begin PBXResourcesBuildPhase section */
		8D83D51E259E15B500DA3D77 /* Resources */ = {
			isa = PBXResourcesBuildPhase;
			buildActionMask = 2147483647;
			files = (
				8D83D543259E1CD000DA3D77 /* CaptainAmerica.otf in Resources */,
				8D83D530259E15BC00DA3D77 /* LaunchScreen.storyboard in Resources */,
				8D83D52D259E15BC00DA3D77 /* Assets.xcassets in Resources */,
			);
			runOnlyForDeploymentPostprocessing = 0;
		};
/* End PBXResourcesBuildPhase section */

/* Begin PBXShellScriptBuildPhase section */
		C3DBB4913153D98B835C6937 /* [CP] Embed Pods Frameworks */ = {
			isa = PBXShellScriptBuildPhase;
			buildActionMask = 2147483647;
			files = (
			);
			inputFileListPaths = (
				"${PODS_ROOT}/Target Support Files/Pods-MarvelViewerApp/Pods-MarvelViewerApp-frameworks-${CONFIGURATION}-input-files.xcfilelist",
			);
			name = "[CP] Embed Pods Frameworks";
			outputFileListPaths = (
				"${PODS_ROOT}/Target Support Files/Pods-MarvelViewerApp/Pods-MarvelViewerApp-frameworks-${CONFIGURATION}-output-files.xcfilelist",
			);
			runOnlyForDeploymentPostprocessing = 0;
			shellPath = /bin/sh;
			shellScript = "\"${PODS_ROOT}/Target Support Files/Pods-MarvelViewerApp/Pods-MarvelViewerApp-frameworks.sh\"\n";
			showEnvVarsInLog = 0;
		};
		CDF92BC45A819B87C862ADA2 /* [CP] Check Pods Manifest.lock */ = {
			isa = PBXShellScriptBuildPhase;
			buildActionMask = 2147483647;
			files = (
			);
			inputFileListPaths = (
			);
			inputPaths = (
				"${PODS_PODFILE_DIR_PATH}/Podfile.lock",
				"${PODS_ROOT}/Manifest.lock",
			);
			name = "[CP] Check Pods Manifest.lock";
			outputFileListPaths = (
			);
			outputPaths = (
				"$(DERIVED_FILE_DIR)/Pods-MarvelViewerApp-checkManifestLockResult.txt",
			);
			runOnlyForDeploymentPostprocessing = 0;
			shellPath = /bin/sh;
			shellScript = "diff \"${PODS_PODFILE_DIR_PATH}/Podfile.lock\" \"${PODS_ROOT}/Manifest.lock\" > /dev/null\nif [ $? != 0 ] ; then\n    # print error to STDERR\n    echo \"error: The sandbox is not in sync with the Podfile.lock. Run 'pod install' or update your CocoaPods installation.\" >&2\n    exit 1\nfi\n# This output is used by Xcode 'outputs' to avoid re-running this script phase.\necho \"SUCCESS\" > \"${SCRIPT_OUTPUT_FILE_0}\"\n";
			showEnvVarsInLog = 0;
		};
/* End PBXShellScriptBuildPhase section */

/* Begin PBXSourcesBuildPhase section */
		8D83D51C259E15B500DA3D77 /* Sources */ = {
			isa = PBXSourcesBuildPhase;
			buildActionMask = 2147483647;
			files = (
				8D83D550259E1D2700DA3D77 /* MarvelVCDelegates.swift in Sources */,
				8D83D524259E15B600DA3D77 /* AppDelegate.swift in Sources */,
				8D83D547259E1CEA00DA3D77 /* Extensions.swift in Sources */,
				8DFCD9A5259E997C006184CF /* ComicCell.swift in Sources */,
				8D83D561259E1E3100DA3D77 /* CharacterCell.swift in Sources */,
				8DFCD9A2259E9967006184CF /* DetailVC.swift in Sources */,
				8D83D567259E1E6500DA3D77 /* CellsViews.swift in Sources */,
				8D83D55B259E1DA400DA3D77 /* APIClient.swift in Sources */,
				8D83D551259E1D2700DA3D77 /* MarvelVC.swift in Sources */,
				8DFCD9A0259E9967006184CF /* DetailVCMethods.swift in Sources */,
				8D83D564259E1E5500DA3D77 /* MarvelViews.swift in Sources */,
				8D83D54E259E1D2700DA3D77 /* MarvelVCDatasource.swift in Sources */,
				8DFCD9A1259E9967006184CF /* DetailVCDatasource.swift in Sources */,
				8DFCD9AE259E9D31006184CF /* ComicDetailVC.swift in Sources */,
				8D4252B6259FA5D100E0AC12 /* ComicDetailViews.swift in Sources */,
				8D83D54F259E1D2700DA3D77 /* MarvelVCMethods.swift in Sources */,
				8DFCD9A8259E9995006184CF /* DetailViews.swift in Sources */,
				8D83D55C259E1DA400DA3D77 /* ControllerCalls.swift in Sources */,
				8D83D555259E1D7800DA3D77 /* Entities.swift in Sources */,
				8D4252AF259FA0F500E0AC12 /* ComicDetailVCMethods.swift in Sources */,
				8D83D526259E15B600DA3D77 /* SceneDelegate.swift in Sources */,
				8D83D556259E1D7800DA3D77 /* Constants.swift in Sources */,
				8D4252B2259FA12800E0AC12 /* CommonViews.swift in Sources */,
			);
			runOnlyForDeploymentPostprocessing = 0;
		};
/* End PBXSourcesBuildPhase section */

/* Begin PBXVariantGroup section */
		8D83D52E259E15BC00DA3D77 /* LaunchScreen.storyboard */ = {
			isa = PBXVariantGroup;
			children = (
				8D83D52F259E15BC00DA3D77 /* Base */,
			);
			name = LaunchScreen.storyboard;
			sourceTree = "<group>";
		};
/* End PBXVariantGroup section */

/* Begin XCBuildConfiguration section */
		8D83D532259E15BC00DA3D77 /* Debug */ = {
			isa = XCBuildConfiguration;
			buildSettings = {
				ALWAYS_SEARCH_USER_PATHS = NO;
				CLANG_ANALYZER_NONNULL = YES;
				CLANG_ANALYZER_NUMBER_OBJECT_CONVERSION = YES_AGGRESSIVE;
				CLANG_CXX_LANGUAGE_STANDARD = "gnu++14";
				CLANG_CXX_LIBRARY = "libc++";
				CLANG_ENABLE_MODULES = YES;
				CLANG_ENABLE_OBJC_ARC = YES;
				CLANG_ENABLE_OBJC_WEAK = YES;
				CLANG_WARN_BLOCK_CAPTURE_AUTORELEASING = YES;
				CLANG_WARN_BOOL_CONVERSION = YES;
				CLANG_WARN_COMMA = YES;
				CLANG_WARN_CONSTANT_CONVERSION = YES;
				CLANG_WARN_DEPRECATED_OBJC_IMPLEMENTATIONS = YES;
				CLANG_WARN_DIRECT_OBJC_ISA_USAGE = YES_ERROR;
				CLANG_WARN_DOCUMENTATION_COMMENTS = YES;
				CLANG_WARN_EMPTY_BODY = YES;
				CLANG_WARN_ENUM_CONVERSION = YES;
				CLANG_WARN_INFINITE_RECURSION = YES;
				CLANG_WARN_INT_CONVERSION = YES;
				CLANG_WARN_NON_LITERAL_NULL_CONVERSION = YES;
				CLANG_WARN_OBJC_IMPLICIT_RETAIN_SELF = YES;
				CLANG_WARN_OBJC_LITERAL_CONVERSION = YES;
				CLANG_WARN_OBJC_ROOT_CLASS = YES_ERROR;
				CLANG_WARN_QUOTED_INCLUDE_IN_FRAMEWORK_HEADER = YES;
				CLANG_WARN_RANGE_LOOP_ANALYSIS = YES;
				CLANG_WARN_STRICT_PROTOTYPES = YES;
				CLANG_WARN_SUSPICIOUS_MOVE = YES;
				CLANG_WARN_UNGUARDED_AVAILABILITY = YES_AGGRESSIVE;
				CLANG_WARN_UNREACHABLE_CODE = YES;
				CLANG_WARN__DUPLICATE_METHOD_MATCH = YES;
				COPY_PHASE_STRIP = NO;
				DEBUG_INFORMATION_FORMAT = dwarf;
				ENABLE_STRICT_OBJC_MSGSEND = YES;
				ENABLE_TESTABILITY = YES;
				GCC_C_LANGUAGE_STANDARD = gnu11;
				GCC_DYNAMIC_NO_PIC = NO;
				GCC_NO_COMMON_BLOCKS = YES;
				GCC_OPTIMIZATION_LEVEL = 0;
				GCC_PREPROCESSOR_DEFINITIONS = (
					"DEBUG=1",
					"$(inherited)",
				);
				GCC_WARN_64_TO_32_BIT_CONVERSION = YES;
				GCC_WARN_ABOUT_RETURN_TYPE = YES_ERROR;
				GCC_WARN_UNDECLARED_SELECTOR = YES;
				GCC_WARN_UNINITIALIZED_AUTOS = YES_AGGRESSIVE;
				GCC_WARN_UNUSED_FUNCTION = YES;
				GCC_WARN_UNUSED_VARIABLE = YES;
				IPHONEOS_DEPLOYMENT_TARGET = 14.1;
				MTL_ENABLE_DEBUG_INFO = INCLUDE_SOURCE;
				MTL_FAST_MATH = YES;
				ONLY_ACTIVE_ARCH = YES;
				SDKROOT = iphoneos;
				SWIFT_ACTIVE_COMPILATION_CONDITIONS = DEBUG;
				SWIFT_OPTIMIZATION_LEVEL = "-Onone";
			};
			name = Debug;
		};
		8D83D533259E15BC00DA3D77 /* Release */ = {
			isa = XCBuildConfiguration;
			buildSettings = {
				ALWAYS_SEARCH_USER_PATHS = NO;
				CLANG_ANALYZER_NONNULL = YES;
				CLANG_ANALYZER_NUMBER_OBJECT_CONVERSION = YES_AGGRESSIVE;
				CLANG_CXX_LANGUAGE_STANDARD = "gnu++14";
				CLANG_CXX_LIBRARY = "libc++";
				CLANG_ENABLE_MODULES = YES;
				CLANG_ENABLE_OBJC_ARC = YES;
				CLANG_ENABLE_OBJC_WEAK = YES;
				CLANG_WARN_BLOCK_CAPTURE_AUTORELEASING = YES;
				CLANG_WARN_BOOL_CONVERSION = YES;
				CLANG_WARN_COMMA = YES;
				CLANG_WARN_CONSTANT_CONVERSION = YES;
				CLANG_WARN_DEPRECATED_OBJC_IMPLEMENTATIONS = YES;
				CLANG_WARN_DIRECT_OBJC_ISA_USAGE = YES_ERROR;
				CLANG_WARN_DOCUMENTATION_COMMENTS = YES;
				CLANG_WARN_EMPTY_BODY = YES;
				CLANG_WARN_ENUM_CONVERSION = YES;
				CLANG_WARN_INFINITE_RECURSION = YES;
				CLANG_WARN_INT_CONVERSION = YES;
				CLANG_WARN_NON_LITERAL_NULL_CONVERSION = YES;
				CLANG_WARN_OBJC_IMPLICIT_RETAIN_SELF = YES;
				CLANG_WARN_OBJC_LITERAL_CONVERSION = YES;
				CLANG_WARN_OBJC_ROOT_CLASS = YES_ERROR;
				CLANG_WARN_QUOTED_INCLUDE_IN_FRAMEWORK_HEADER = YES;
				CLANG_WARN_RANGE_LOOP_ANALYSIS = YES;
				CLANG_WARN_STRICT_PROTOTYPES = YES;
				CLANG_WARN_SUSPICIOUS_MOVE = YES;
				CLANG_WARN_UNGUARDED_AVAILABILITY = YES_AGGRESSIVE;
				CLANG_WARN_UNREACHABLE_CODE = YES;
				CLANG_WARN__DUPLICATE_METHOD_MATCH = YES;
				COPY_PHASE_STRIP = NO;
				DEBUG_INFORMATION_FORMAT = "dwarf-with-dsym";
				ENABLE_NS_ASSERTIONS = NO;
				ENABLE_STRICT_OBJC_MSGSEND = YES;
				GCC_C_LANGUAGE_STANDARD = gnu11;
				GCC_NO_COMMON_BLOCKS = YES;
				GCC_WARN_64_TO_32_BIT_CONVERSION = YES;
				GCC_WARN_ABOUT_RETURN_TYPE = YES_ERROR;
				GCC_WARN_UNDECLARED_SELECTOR = YES;
				GCC_WARN_UNINITIALIZED_AUTOS = YES_AGGRESSIVE;
				GCC_WARN_UNUSED_FUNCTION = YES;
				GCC_WARN_UNUSED_VARIABLE = YES;
				IPHONEOS_DEPLOYMENT_TARGET = 14.1;
				MTL_ENABLE_DEBUG_INFO = NO;
				MTL_FAST_MATH = YES;
				SDKROOT = iphoneos;
				SWIFT_COMPILATION_MODE = wholemodule;
				SWIFT_OPTIMIZATION_LEVEL = "-O";
				VALIDATE_PRODUCT = YES;
			};
			name = Release;
		};
		8D83D535259E15BC00DA3D77 /* Debug */ = {
			isa = XCBuildConfiguration;
			baseConfigurationReference = 1575EB8AAEFDACE0AAB93919 /* Pods-MarvelViewerApp.debug.xcconfig */;
			buildSettings = {
				ASSETCATALOG_COMPILER_APPICON_NAME = AppIcon;
				ASSETCATALOG_COMPILER_GLOBAL_ACCENT_COLOR_NAME = AccentColor;
				CODE_SIGN_STYLE = Automatic;
				INFOPLIST_FILE = MarvelViewerApp/Info.plist;
				LD_RUNPATH_SEARCH_PATHS = (
					"$(inherited)",
					"@executable_path/Frameworks",
				);
				PRODUCT_BUNDLE_IDENTIFIER = com.3rnestocs.MarvelViewerApp;
				PRODUCT_NAME = "$(TARGET_NAME)";
				SWIFT_VERSION = 5.0;
				TARGETED_DEVICE_FAMILY = "1,2";
			};
			name = Debug;
		};
		8D83D536259E15BC00DA3D77 /* Release */ = {
			isa = XCBuildConfiguration;
			baseConfigurationReference = 79CF213604D3F04FBD15D05F /* Pods-MarvelViewerApp.release.xcconfig */;
			buildSettings = {
				ASSETCATALOG_COMPILER_APPICON_NAME = AppIcon;
				ASSETCATALOG_COMPILER_GLOBAL_ACCENT_COLOR_NAME = AccentColor;
				CODE_SIGN_STYLE = Automatic;
				INFOPLIST_FILE = MarvelViewerApp/Info.plist;
				LD_RUNPATH_SEARCH_PATHS = (
					"$(inherited)",
					"@executable_path/Frameworks",
				);
				PRODUCT_BUNDLE_IDENTIFIER = com.3rnestocs.MarvelViewerApp;
				PRODUCT_NAME = "$(TARGET_NAME)";
				SWIFT_VERSION = 5.0;
				TARGETED_DEVICE_FAMILY = "1,2";
			};
			name = Release;
		};
/* End XCBuildConfiguration section */

/* Begin XCConfigurationList section */
		8D83D51B259E15B500DA3D77 /* Build configuration list for PBXProject "MarvelViewerApp" */ = {
			isa = XCConfigurationList;
			buildConfigurations = (
				8D83D532259E15BC00DA3D77 /* Debug */,
				8D83D533259E15BC00DA3D77 /* Release */,
			);
			defaultConfigurationIsVisible = 0;
			defaultConfigurationName = Release;
		};
		8D83D534259E15BC00DA3D77 /* Build configuration list for PBXNativeTarget "MarvelViewerApp" */ = {
			isa = XCConfigurationList;
			buildConfigurations = (
				8D83D535259E15BC00DA3D77 /* Debug */,
				8D83D536259E15BC00DA3D77 /* Release */,
			);
			defaultConfigurationIsVisible = 0;
			defaultConfigurationName = Release;
		};
/* End XCConfigurationList section */
	};
	rootObject = 8D83D518259E15B500DA3D77 /* Project object */;
}
